
Microsoft Visual Studio Solution File, Format Version 12.00
# Visual Studio Version 17
VisualStudioVersion = 17.11.35327.3
MinimumVisualStudioVersion = 10.0.40219.1
Project("{9A19103F-16F7-4668-BE54-9A1E7A4F7556}") = "01. Car", "01. Car\01. Car.csproj", "{EBEF2E2E-913C-44E7-8C67-9416BB133C04}"
EndProject
Project("{FAE04EC0-301F-11D3-BF4B-00C04F79EFBC}") = "02. CarExtension", "02. CarExtension\02. CarExtension.csproj", "{ABCEAB49-1579-4C08-AC46-C2FE4EEAF39C}"
EndProject
Global
	GlobalSection(SolutionConfigurationPlatforms) = preSolution
		Debug|Any CPU = Debug|Any CPU
		Release|Any CPU = Release|Any CPU
	EndGlobalSection
	GlobalSection(ProjectConfigurationPlatforms) = postSolution
		{EBEF2E2E-913C-44E7-8C67-9416BB133C04}.Debug|Any CPU.ActiveCfg = Debug|Any CPU
		{EBEF2E2E-913C-44E7-8C67-9416BB133C04}.Debug|Any CPU.Build.0 = Debug|Any CPU
		{EBEF2E2E-913C-44E7-8C67-9416BB133C04}.Release|Any CPU.ActiveCfg = Release|Any CPU
		{EBEF2E2E-913C-44E7-8C67-9416BB133C04}.Release|Any CPU.Build.0 = Release|Any CPU
		{ABCEAB49-1579-4C08-AC46-C2FE4EEAF39C}.Debug|Any CPU.ActiveCfg = Debug|Any CPU
		{ABCEAB49-1579-4C08-AC46-C2FE4EEAF39C}.Debug|Any CPU.Build.0 = Debug|Any CPU
		{ABCEAB49-1579-4C08-AC46-C2FE4EEAF39C}.Release|Any CPU.ActiveCfg = Release|Any CPU
		{ABCEAB49-1579-4C08-AC46-C2FE4EEAF39C}.Release|Any CPU.Build.0 = Release|Any CPU
	EndGlobalSection
	GlobalSection(SolutionProperties) = preSolution
		HideSolutionNode = FALSE
	EndGlobalSection
	GlobalSection(ExtensibilityGlobals) = postSolution
		SolutionGuid = {48FB8BBF-6341-4DD9-9F91-69B0430AA662}
	EndGlobalSection
EndGlobal
